
Microsoft Visual Studio Solution File, Format Version 12.00
# Visual Studio Version 17
VisualStudioVersion = 17.1.32328.378
MinimumVisualStudioVersion = 10.0.40219.1
Project("{9A19103F-16F7-4668-BE54-9A1E7A4F7556}") = "AircraftApiService", "AircraftApiService\AircraftApiService.csproj", "{CF560D52-C865-48AB-A3A3-ABE59291CB17}"
EndProject
Project("{9A19103F-16F7-4668-BE54-9A1E7A4F7556}") = "TicketApiService", "TicketApiService\TicketApiService.csproj", "{7C936791-3E6F-4F73-B23E-DAB7C1CC9612}"
EndProject
Project("{9A19103F-16F7-4668-BE54-9A1E7A4F7556}") = "BasePriceApiService", "BasePriceApiService\BasePriceApiService.csproj", "{6B74A197-2FAD-4F09-AD93-029023BD5878}"
EndProject
Project("{9A19103F-16F7-4668-BE54-9A1E7A4F7556}") = "ClassApiService", "ClassApiService\ClassApiService.csproj", "{FD55117E-46E7-4F08-A1B9-8DDA7E3A2A68}"
EndProject
Project("{9A19103F-16F7-4668-BE54-9A1E7A4F7556}") = "LogApiService", "LogApiService\LogApiService.csproj", "{F4F50928-FA0A-4593-AF79-647F0967711D}"
EndProject
Project("{9A19103F-16F7-4668-BE54-9A1E7A4F7556}") = "AirportApiService", "AirportApiService\AirportApiService.csproj", "{4294A0FE-5156-4FE5-A5DF-EAB138FD39F6}"
EndProject
Project("{9A19103F-16F7-4668-BE54-9A1E7A4F7556}") = "ModelsLib", "ModelsLib\ModelsLib.csproj", "{560C9D0A-0800-498D-86EE-9FA91D252EFD}"
EndProject
Project("{9A19103F-16F7-4668-BE54-9A1E7A4F7556}") = "FlightApiService", "FlightApiService\FlightApiService.csproj", "{EEF25279-FEA3-41FF-9C80-825C0CA210E6}"
EndProject
Project("{9A19103F-16F7-4668-BE54-9A1E7A4F7556}") = "PassengerApiService", "PassengerApiService\PassengerApiService.csproj", "{BB304416-12AE-45CB-AC2A-8DD9B0619E7E}"
EndProject
Project("{FAE04EC0-301F-11D3-BF4B-00C04F79EFBC}") = "UserApiService", "UserApiService\UserApiService.csproj", "{15E77316-C89E-4080-A4B9-33AEE8C7158B}"
EndProject
Global
	GlobalSection(SolutionConfigurationPlatforms) = preSolution
		Debug|Any CPU = Debug|Any CPU
		Release|Any CPU = Release|Any CPU
	EndGlobalSection
	GlobalSection(ProjectConfigurationPlatforms) = postSolution
		{CF560D52-C865-48AB-A3A3-ABE59291CB17}.Debug|Any CPU.ActiveCfg = Debug|Any CPU
		{CF560D52-C865-48AB-A3A3-ABE59291CB17}.Debug|Any CPU.Build.0 = Debug|Any CPU
		{CF560D52-C865-48AB-A3A3-ABE59291CB17}.Release|Any CPU.ActiveCfg = Release|Any CPU
		{CF560D52-C865-48AB-A3A3-ABE59291CB17}.Release|Any CPU.Build.0 = Release|Any CPU
		{7C936791-3E6F-4F73-B23E-DAB7C1CC9612}.Debug|Any CPU.ActiveCfg = Debug|Any CPU
		{7C936791-3E6F-4F73-B23E-DAB7C1CC9612}.Debug|Any CPU.Build.0 = Debug|Any CPU
		{7C936791-3E6F-4F73-B23E-DAB7C1CC9612}.Release|Any CPU.ActiveCfg = Release|Any CPU
		{7C936791-3E6F-4F73-B23E-DAB7C1CC9612}.Release|Any CPU.Build.0 = Release|Any CPU
		{6B74A197-2FAD-4F09-AD93-029023BD5878}.Debug|Any CPU.ActiveCfg = Debug|Any CPU
		{6B74A197-2FAD-4F09-AD93-029023BD5878}.Debug|Any CPU.Build.0 = Debug|Any CPU
		{6B74A197-2FAD-4F09-AD93-029023BD5878}.Release|Any CPU.ActiveCfg = Release|Any CPU
		{6B74A197-2FAD-4F09-AD93-029023BD5878}.Release|Any CPU.Build.0 = Release|Any CPU
		{FD55117E-46E7-4F08-A1B9-8DDA7E3A2A68}.Debug|Any CPU.ActiveCfg = Debug|Any CPU
		{FD55117E-46E7-4F08-A1B9-8DDA7E3A2A68}.Debug|Any CPU.Build.0 = Debug|Any CPU
		{FD55117E-46E7-4F08-A1B9-8DDA7E3A2A68}.Release|Any CPU.ActiveCfg = Release|Any CPU
		{FD55117E-46E7-4F08-A1B9-8DDA7E3A2A68}.Release|Any CPU.Build.0 = Release|Any CPU
		{F4F50928-FA0A-4593-AF79-647F0967711D}.Debug|Any CPU.ActiveCfg = Debug|Any CPU
		{F4F50928-FA0A-4593-AF79-647F0967711D}.Debug|Any CPU.Build.0 = Debug|Any CPU
		{F4F50928-FA0A-4593-AF79-647F0967711D}.Release|Any CPU.ActiveCfg = Release|Any CPU
		{F4F50928-FA0A-4593-AF79-647F0967711D}.Release|Any CPU.Build.0 = Release|Any CPU
		{4294A0FE-5156-4FE5-A5DF-EAB138FD39F6}.Debug|Any CPU.ActiveCfg = Debug|Any CPU
		{4294A0FE-5156-4FE5-A5DF-EAB138FD39F6}.Debug|Any CPU.Build.0 = Debug|Any CPU
		{4294A0FE-5156-4FE5-A5DF-EAB138FD39F6}.Release|Any CPU.ActiveCfg = Release|Any CPU
		{4294A0FE-5156-4FE5-A5DF-EAB138FD39F6}.Release|Any CPU.Build.0 = Release|Any CPU
		{560C9D0A-0800-498D-86EE-9FA91D252EFD}.Debug|Any CPU.ActiveCfg = Debug|Any CPU
		{560C9D0A-0800-498D-86EE-9FA91D252EFD}.Debug|Any CPU.Build.0 = Debug|Any CPU
		{560C9D0A-0800-498D-86EE-9FA91D252EFD}.Release|Any CPU.ActiveCfg = Release|Any CPU
		{560C9D0A-0800-498D-86EE-9FA91D252EFD}.Release|Any CPU.Build.0 = Release|Any CPU
		{EEF25279-FEA3-41FF-9C80-825C0CA210E6}.Debug|Any CPU.ActiveCfg = Debug|Any CPU
		{EEF25279-FEA3-41FF-9C80-825C0CA210E6}.Debug|Any CPU.Build.0 = Debug|Any CPU
		{EEF25279-FEA3-41FF-9C80-825C0CA210E6}.Release|Any CPU.ActiveCfg = Release|Any CPU
		{EEF25279-FEA3-41FF-9C80-825C0CA210E6}.Release|Any CPU.Build.0 = Release|Any CPU
		{BB304416-12AE-45CB-AC2A-8DD9B0619E7E}.Debug|Any CPU.ActiveCfg = Debug|Any CPU
		{BB304416-12AE-45CB-AC2A-8DD9B0619E7E}.Debug|Any CPU.Build.0 = Debug|Any CPU
		{BB304416-12AE-45CB-AC2A-8DD9B0619E7E}.Release|Any CPU.ActiveCfg = Release|Any CPU
		{BB304416-12AE-45CB-AC2A-8DD9B0619E7E}.Release|Any CPU.Build.0 = Release|Any CPU
		{15E77316-C89E-4080-A4B9-33AEE8C7158B}.Debug|Any CPU.ActiveCfg = Debug|Any CPU
		{15E77316-C89E-4080-A4B9-33AEE8C7158B}.Debug|Any CPU.Build.0 = Debug|Any CPU
		{15E77316-C89E-4080-A4B9-33AEE8C7158B}.Release|Any CPU.ActiveCfg = Release|Any CPU
		{15E77316-C89E-4080-A4B9-33AEE8C7158B}.Release|Any CPU.Build.0 = Release|Any CPU
	EndGlobalSection
	GlobalSection(SolutionProperties) = preSolution
		HideSolutionNode = FALSE
	EndGlobalSection
	GlobalSection(ExtensibilityGlobals) = postSolution
		SolutionGuid = {C68BDBF5-0882-432E-8809-C6000E4ACBDD}
	EndGlobalSection
EndGlobal
